
Microsoft Visual Studio Solution File, Format Version 12.00
# Visual Studio Version 17
VisualStudioVersion = 17.4.33110.190
MinimumVisualStudioVersion = 10.0.40219.1
Project("{F184B08F-C81C-45F6-A57F-5ABD9991F28F}") = "Jogo7Sorte", "Jogo7Sorte\Jogo7Sorte.vbproj", "{43011AFE-77EA-45FA-95EF-BC17519A9C15}"
EndProject
Global
	GlobalSection(SolutionConfigurationPlatforms) = preSolution
		Debug|Any CPU = Debug|Any CPU
		Release|Any CPU = Release|Any CPU
	EndGlobalSection
	GlobalSection(ProjectConfigurationPlatforms) = postSolution
		{43011AFE-77EA-45FA-95EF-BC17519A9C15}.Debug|Any CPU.ActiveCfg = Debug|Any CPU
		{43011AFE-77EA-45FA-95EF-BC17519A9C15}.Debug|Any CPU.Build.0 = Debug|Any CPU
		{43011AFE-77EA-45FA-95EF-BC17519A9C15}.Release|Any CPU.ActiveCfg = Release|Any CPU
		{43011AFE-77EA-45FA-95EF-BC17519A9C15}.Release|Any CPU.Build.0 = Release|Any CPU
	EndGlobalSection
	GlobalSection(SolutionProperties) = preSolution
		HideSolutionNode = FALSE
	EndGlobalSection
	GlobalSection(ExtensibilityGlobals) = postSolution
		SolutionGuid = {31C5BB46-6ADB-4EA7-84D7-ACBDAA3F9674}
	EndGlobalSection
EndGlobal
